// !$*UTF8*$!
{
	archiveVersion = 1;
	classes = {
	};
	objectVersion = 56;
	objects = {

/* Begin PBXBuildFile section */
		3831A6AF2A2540E70080958F /* AppDelegate.swift in Sources */ = {isa = PBXBuildFile; fileRef = 3831A6AE2A2540E70080958F /* AppDelegate.swift */; };
		3831A6B12A2540E70080958F /* SceneDelegate.swift in Sources */ = {isa = PBXBuildFile; fileRef = 3831A6B02A2540E70080958F /* SceneDelegate.swift */; };
		3831A6B32A2540E70080958F /* ChatVC.swift in Sources */ = {isa = PBXBuildFile; fileRef = 3831A6B22A2540E70080958F /* ChatVC.swift */; };
		3831A6B82A2540E80080958F /* Assets.xcassets in Resources */ = {isa = PBXBuildFile; fileRef = 3831A6B72A2540E80080958F /* Assets.xcassets */; };
		3831A6BB2A2540E80080958F /* LaunchScreen.storyboard in Resources */ = {isa = PBXBuildFile; fileRef = 3831A6B92A2540E80080958F /* LaunchScreen.storyboard */; };
		3831A6C42A25430A0080958F /* OpenAISwift in Frameworks */ = {isa = PBXBuildFile; productRef = 3831A6C32A25430A0080958F /* OpenAISwift */; };
		3831A6C62A2544EA0080958F /* API.swift in Sources */ = {isa = PBXBuildFile; fileRef = 3831A6C52A2544EA0080958F /* API.swift */; };
		38A266C22A2578D700DFF675 /* ChatScreen.swift in Sources */ = {isa = PBXBuildFile; fileRef = 38A266C12A2578D700DFF675 /* ChatScreen.swift */; };
		38A266C52A26584300DFF675 /* ChatViewModel.swift in Sources */ = {isa = PBXBuildFile; fileRef = 38A266C42A26584300DFF675 /* ChatViewModel.swift */; };
		38A266C82A26586500DFF675 /* ServiceManager.swift in Sources */ = {isa = PBXBuildFile; fileRef = 38A266C72A26586500DFF675 /* ServiceManager.swift */; };
		38A266CA2A26598A00DFF675 /* ChatService.swift in Sources */ = {isa = PBXBuildFile; fileRef = 38A266C92A26598A00DFF675 /* ChatService.swift */; };
/* End PBXBuildFile section */

/* Begin PBXFileReference section */
		3831A6AB2A2540E60080958F /* chatGPT-app-ViewCode.app */ = {isa = PBXFileReference; explicitFileType = wrapper.application; includeInIndex = 0; path = "chatGPT-app-ViewCode.app"; sourceTree = BUILT_PRODUCTS_DIR; };
		3831A6AE2A2540E70080958F /* AppDelegate.swift */ = {isa = PBXFileReference; lastKnownFileType = sourcecode.swift; path = AppDelegate.swift; sourceTree = "<group>"; };
		3831A6B02A2540E70080958F /* SceneDelegate.swift */ = {isa = PBXFileReference; lastKnownFileType = sourcecode.swift; path = SceneDelegate.swift; sourceTree = "<group>"; };
		3831A6B22A2540E70080958F /* ChatVC.swift */ = {isa = PBXFileReference; lastKnownFileType = sourcecode.swift; path = ChatVC.swift; sourceTree = "<group>"; };
		3831A6B72A2540E80080958F /* Assets.xcassets */ = {isa = PBXFileReference; lastKnownFileType = folder.assetcatalog; path = Assets.xcassets; sourceTree = "<group>"; };
		3831A6BA2A2540E80080958F /* Base */ = {isa = PBXFileReference; lastKnownFileType = file.storyboard; name = Base; path = Base.lproj/LaunchScreen.storyboard; sourceTree = "<group>"; };
		3831A6BC2A2540E80080958F /* Info.plist */ = {isa = PBXFileReference; lastKnownFileType = text.plist.xml; path = Info.plist; sourceTree = "<group>"; };
		3831A6C52A2544EA0080958F /* API.swift */ = {isa = PBXFileReference; lastKnownFileType = sourcecode.swift; path = API.swift; sourceTree = "<group>"; };
		38A266C12A2578D700DFF675 /* ChatScreen.swift */ = {isa = PBXFileReference; lastKnownFileType = sourcecode.swift; path = ChatScreen.swift; sourceTree = "<group>"; };
		38A266C42A26584300DFF675 /* ChatViewModel.swift */ = {isa = PBXFileReference; lastKnownFileType = sourcecode.swift; path = ChatViewModel.swift; sourceTree = "<group>"; };
		38A266C72A26586500DFF675 /* ServiceManager.swift */ = {isa = PBXFileReference; lastKnownFileType = sourcecode.swift; path = ServiceManager.swift; sourceTree = "<group>"; };
		38A266C92A26598A00DFF675 /* ChatService.swift */ = {isa = PBXFileReference; lastKnownFileType = sourcecode.swift; path = ChatService.swift; sourceTree = "<group>"; };
/* End PBXFileReference section */

/* Begin PBXFrameworksBuildPhase section */
		3831A6A82A2540E60080958F /* Frameworks */ = {
			isa = PBXFrameworksBuildPhase;
			buildActionMask = 2147483647;
			files = (
				3831A6C42A25430A0080958F /* OpenAISwift in Frameworks */,
			);
			runOnlyForDeploymentPostprocessing = 0;
		};
/* End PBXFrameworksBuildPhase section */

/* Begin PBXGroup section */
		3831A6A22A2540E60080958F = {
			isa = PBXGroup;
			children = (
				3831A6AD2A2540E60080958F /* chatGPT-app-ViewCode */,
				3831A6AC2A2540E60080958F /* Products */,
			);
			sourceTree = "<group>";
		};
		3831A6AC2A2540E60080958F /* Products */ = {
			isa = PBXGroup;
			children = (
				3831A6AB2A2540E60080958F /* chatGPT-app-ViewCode.app */,
			);
			name = Products;
			sourceTree = "<group>";
		};
		3831A6AD2A2540E60080958F /* chatGPT-app-ViewCode */ = {
			isa = PBXGroup;
			children = (
				3831A6AE2A2540E70080958F /* AppDelegate.swift */,
				3831A6B02A2540E70080958F /* SceneDelegate.swift */,
				38A266BD2A25789100DFF675 /* src */,
				3831A6B72A2540E80080958F /* Assets.xcassets */,
				3831A6B92A2540E80080958F /* LaunchScreen.storyboard */,
				3831A6BC2A2540E80080958F /* Info.plist */,
			);
			path = "chatGPT-app-ViewCode";
			sourceTree = "<group>";
		};
		38A266BD2A25789100DFF675 /* src */ = {
			isa = PBXGroup;
			children = (
				38A266C62A26585200DFF675 /* Service */,
				38A266BE2A25789C00DFF675 /* Home */,
			);
			path = src;
			sourceTree = "<group>";
		};
		38A266BE2A25789C00DFF675 /* Home */ = {
			isa = PBXGroup;
			children = (
				38A266C32A26583100DFF675 /* ViewModel */,
				38A266C02A2578B400DFF675 /* ViewController */,
				38A266BF2A2578AD00DFF675 /* Screen */,
			);
			path = Home;
			sourceTree = "<group>";
		};
		38A266BF2A2578AD00DFF675 /* Screen */ = {
			isa = PBXGroup;
			children = (
				38A266C12A2578D700DFF675 /* ChatScreen.swift */,
			);
			path = Screen;
			sourceTree = "<group>";
		};
		38A266C02A2578B400DFF675 /* ViewController */ = {
			isa = PBXGroup;
			children = (
				3831A6B22A2540E70080958F /* ChatVC.swift */,
			);
			path = ViewController;
			sourceTree = "<group>";
		};
		38A266C32A26583100DFF675 /* ViewModel */ = {
			isa = PBXGroup;
			children = (
				38A266C42A26584300DFF675 /* ChatViewModel.swift */,
			);
			path = ViewModel;
			sourceTree = "<group>";
		};
		38A266C62A26585200DFF675 /* Service */ = {
			isa = PBXGroup;
			children = (
				3831A6C52A2544EA0080958F /* API.swift */,
				38A266C72A26586500DFF675 /* ServiceManager.swift */,
				38A266C92A26598A00DFF675 /* ChatService.swift */,
			);
			path = Service;
			sourceTree = "<group>";
		};
/* End PBXGroup section */

/* Begin PBXNativeTarget section */
		3831A6AA2A2540E60080958F /* chatGPT-app-ViewCode */ = {
			isa = PBXNativeTarget;
			buildConfigurationList = 3831A6BF2A2540E80080958F /* Build configuration list for PBXNativeTarget "chatGPT-app-ViewCode" */;
			buildPhases = (
				3831A6A72A2540E60080958F /* Sources */,
				3831A6A82A2540E60080958F /* Frameworks */,
				3831A6A92A2540E60080958F /* Resources */,
			);
			buildRules = (
			);
			dependencies = (
			);
			name = "chatGPT-app-ViewCode";
			packageProductDependencies = (
				3831A6C32A25430A0080958F /* OpenAISwift */,
			);
			productName = "chatGPT-app-ViewCode";
			productReference = 3831A6AB2A2540E60080958F /* chatGPT-app-ViewCode.app */;
			productType = "com.apple.product-type.application";
		};
/* End PBXNativeTarget section */

/* Begin PBXProject section */
		3831A6A32A2540E60080958F /* Project object */ = {
			isa = PBXProject;
			attributes = {
				BuildIndependentTargetsInParallel = 1;
				LastSwiftUpdateCheck = 1430;
				LastUpgradeCheck = 1430;
				TargetAttributes = {
					3831A6AA2A2540E60080958F = {
						CreatedOnToolsVersion = 14.3;
					};
				};
			};
			buildConfigurationList = 3831A6A62A2540E60080958F /* Build configuration list for PBXProject "chatGPT-app-ViewCode" */;
			compatibilityVersion = "Xcode 14.0";
			developmentRegion = en;
			hasScannedForEncodings = 0;
			knownRegions = (
				en,
				Base,
			);
			mainGroup = 3831A6A22A2540E60080958F;
			packageReferences = (
				3831A6C22A25430A0080958F /* XCRemoteSwiftPackageReference "OpenAISwift" */,
			);
			productRefGroup = 3831A6AC2A2540E60080958F /* Products */;
			projectDirPath = "";
			projectRoot = "";
			targets = (
				3831A6AA2A2540E60080958F /* chatGPT-app-ViewCode */,
			);
		};
/* End PBXProject section */

/* Begin PBXResourcesBuildPhase section */
		3831A6A92A2540E60080958F /* Resources */ = {
			isa = PBXResourcesBuildPhase;
			buildActionMask = 2147483647;
			files = (
				3831A6BB2A2540E80080958F /* LaunchScreen.storyboard in Resources */,
				3831A6B82A2540E80080958F /* Assets.xcassets in Resources */,
			);
			runOnlyForDeploymentPostprocessing = 0;
		};
/* End PBXResourcesBuildPhase section */

/* Begin PBXSourcesBuildPhase section */
		3831A6A72A2540E60080958F /* Sources */ = {
			isa = PBXSourcesBuildPhase;
			buildActionMask = 2147483647;
			files = (
				3831A6B32A2540E70080958F /* ChatVC.swift in Sources */,
				38A266C22A2578D700DFF675 /* ChatScreen.swift in Sources */,
				3831A6AF2A2540E70080958F /* AppDelegate.swift in Sources */,
				3831A6C62A2544EA0080958F /* API.swift in Sources */,
				38A266C52A26584300DFF675 /* ChatViewModel.swift in Sources */,
				38A266CA2A26598A00DFF675 /* ChatService.swift in Sources */,
				38A266C82A26586500DFF675 /* ServiceManager.swift in Sources */,
				3831A6B12A2540E70080958F /* SceneDelegate.swift in Sources */,
			);
			runOnlyForDeploymentPostprocessing = 0;
		};
/* End PBXSourcesBuildPhase section */

/* Begin PBXVariantGroup section */
		3831A6B92A2540E80080958F /* LaunchScreen.storyboard */ = {
			isa = PBXVariantGroup;
			children = (
				3831A6BA2A2540E80080958F /* Base */,
			);
			name = LaunchScreen.storyboard;
			sourceTree = "<group>";
		};
/* End PBXVariantGroup section */

/* Begin XCBuildConfiguration section */
		3831A6BD2A2540E80080958F /* Debug */ = {
			isa = XCBuildConfiguration;
			buildSettings = {
				ALWAYS_SEARCH_USER_PATHS = NO;
				CLANG_ANALYZER_NONNULL = YES;
				CLANG_ANALYZER_NUMBER_OBJECT_CONVERSION = YES_AGGRESSIVE;
				CLANG_CXX_LANGUAGE_STANDARD = "gnu++20";
				CLANG_ENABLE_MODULES = YES;
				CLANG_ENABLE_OBJC_ARC = YES;
				CLANG_ENABLE_OBJC_WEAK = YES;
				CLANG_WARN_BLOCK_CAPTURE_AUTORELEASING = YES;
				CLANG_WARN_BOOL_CONVERSION = YES;
				CLANG_WARN_COMMA = YES;
				CLANG_WARN_CONSTANT_CONVERSION = YES;
				CLANG_WARN_DEPRECATED_OBJC_IMPLEMENTATIONS = YES;
				CLANG_WARN_DIRECT_OBJC_ISA_USAGE = YES_ERROR;
				CLANG_WARN_DOCUMENTATION_COMMENTS = YES;
				CLANG_WARN_EMPTY_BODY = YES;
				CLANG_WARN_ENUM_CONVERSION = YES;
				CLANG_WARN_INFINITE_RECURSION = YES;
				CLANG_WARN_INT_CONVERSION = YES;
				CLANG_WARN_NON_LITERAL_NULL_CONVERSION = YES;
				CLANG_WARN_OBJC_IMPLICIT_RETAIN_SELF = YES;
				CLANG_WARN_OBJC_LITERAL_CONVERSION = YES;
				CLANG_WARN_OBJC_ROOT_CLASS = YES_ERROR;
				CLANG_WARN_QUOTED_INCLUDE_IN_FRAMEWORK_HEADER = YES;
				CLANG_WARN_RANGE_LOOP_ANALYSIS = YES;
				CLANG_WARN_STRICT_PROTOTYPES = YES;
				CLANG_WARN_SUSPICIOUS_MOVE = YES;
				CLANG_WARN_UNGUARDED_AVAILABILITY = YES_AGGRESSIVE;
				CLANG_WARN_UNREACHABLE_CODE = YES;
				CLANG_WARN__DUPLICATE_METHOD_MATCH = YES;
				COPY_PHASE_STRIP = NO;
				DEBUG_INFORMATION_FORMAT = dwarf;
				ENABLE_STRICT_OBJC_MSGSEND = YES;
				ENABLE_TESTABILITY = YES;
				GCC_C_LANGUAGE_STANDARD = gnu11;
				GCC_DYNAMIC_NO_PIC = NO;
				GCC_NO_COMMON_BLOCKS = YES;
				GCC_OPTIMIZATION_LEVEL = 0;
				GCC_PREPROCESSOR_DEFINITIONS = (
					"DEBUG=1",
					"$(inherited)",
				);
				GCC_WARN_64_TO_32_BIT_CONVERSION = YES;
				GCC_WARN_ABOUT_RETURN_TYPE = YES_ERROR;
				GCC_WARN_UNDECLARED_SELECTOR = YES;
				GCC_WARN_UNINITIALIZED_AUTOS = YES_AGGRESSIVE;
				GCC_WARN_UNUSED_FUNCTION = YES;
				GCC_WARN_UNUSED_VARIABLE = YES;
				IPHONEOS_DEPLOYMENT_TARGET = 16.4;
				MTL_ENABLE_DEBUG_INFO = INCLUDE_SOURCE;
				MTL_FAST_MATH = YES;
				ONLY_ACTIVE_ARCH = YES;
				SDKROOT = iphoneos;
				SWIFT_ACTIVE_COMPILATION_CONDITIONS = DEBUG;
				SWIFT_OPTIMIZATION_LEVEL = "-Onone";
			};
			name = Debug;
		};
		3831A6BE2A2540E80080958F /* Release */ = {
			isa = XCBuildConfiguration;
			buildSettings = {
				ALWAYS_SEARCH_USER_PATHS = NO;
				CLANG_ANALYZER_NONNULL = YES;
				CLANG_ANALYZER_NUMBER_OBJECT_CONVERSION = YES_AGGRESSIVE;
				CLANG_CXX_LANGUAGE_STANDARD = "gnu++20";
				CLANG_ENABLE_MODULES = YES;
				CLANG_ENABLE_OBJC_ARC = YES;
				CLANG_ENABLE_OBJC_WEAK = YES;
				CLANG_WARN_BLOCK_CAPTURE_AUTORELEASING = YES;
				CLANG_WARN_BOOL_CONVERSION = YES;
				CLANG_WARN_COMMA = YES;
				CLANG_WARN_CONSTANT_CONVERSION = YES;
				CLANG_WARN_DEPRECATED_OBJC_IMPLEMENTATIONS = YES;
				CLANG_WARN_DIRECT_OBJC_ISA_USAGE = YES_ERROR;
				CLANG_WARN_DOCUMENTATION_COMMENTS = YES;
				CLANG_WARN_EMPTY_BODY = YES;
				CLANG_WARN_ENUM_CONVERSION = YES;
				CLANG_WARN_INFINITE_RECURSION = YES;
				CLANG_WARN_INT_CONVERSION = YES;
				CLANG_WARN_NON_LITERAL_NULL_CONVERSION = YES;
				CLANG_WARN_OBJC_IMPLICIT_RETAIN_SELF = YES;
				CLANG_WARN_OBJC_LITERAL_CONVERSION = YES;
				CLANG_WARN_OBJC_ROOT_CLASS = YES_ERROR;
				CLANG_WARN_QUOTED_INCLUDE_IN_FRAMEWORK_HEADER = YES;
				CLANG_WARN_RANGE_LOOP_ANALYSIS = YES;
				CLANG_WARN_STRICT_PROTOTYPES = YES;
				CLANG_WARN_SUSPICIOUS_MOVE = YES;
				CLANG_WARN_UNGUARDED_AVAILABILITY = YES_AGGRESSIVE;
				CLANG_WARN_UNREACHABLE_CODE = YES;
				CLANG_WARN__DUPLICATE_METHOD_MATCH = YES;
				COPY_PHASE_STRIP = NO;
				DEBUG_INFORMATION_FORMAT = "dwarf-with-dsym";
				ENABLE_NS_ASSERTIONS = NO;
				ENABLE_STRICT_OBJC_MSGSEND = YES;
				GCC_C_LANGUAGE_STANDARD = gnu11;
				GCC_NO_COMMON_BLOCKS = YES;
				GCC_WARN_64_TO_32_BIT_CONVERSION = YES;
				GCC_WARN_ABOUT_RETURN_TYPE = YES_ERROR;
				GCC_WARN_UNDECLARED_SELECTOR = YES;
				GCC_WARN_UNINITIALIZED_AUTOS = YES_AGGRESSIVE;
				GCC_WARN_UNUSED_FUNCTION = YES;
				GCC_WARN_UNUSED_VARIABLE = YES;
				IPHONEOS_DEPLOYMENT_TARGET = 16.4;
				MTL_ENABLE_DEBUG_INFO = NO;
				MTL_FAST_MATH = YES;
				SDKROOT = iphoneos;
				SWIFT_COMPILATION_MODE = wholemodule;
				SWIFT_OPTIMIZATION_LEVEL = "-O";
				VALIDATE_PRODUCT = YES;
			};
			name = Release;
		};
		3831A6C02A2540E80080958F /* Debug */ = {
			isa = XCBuildConfiguration;
			buildSettings = {
				ASSETCATALOG_COMPILER_APPICON_NAME = AppIcon;
				ASSETCATALOG_COMPILER_GLOBAL_ACCENT_COLOR_NAME = AccentColor;
				CODE_SIGN_STYLE = Automatic;
				CURRENT_PROJECT_VERSION = 1;
				DEVELOPMENT_TEAM = B4R97N34U3;
				GENERATE_INFOPLIST_FILE = YES;
				INFOPLIST_FILE = "chatGPT-app-ViewCode/Info.plist";
				INFOPLIST_KEY_UIApplicationSupportsIndirectInputEvents = YES;
				INFOPLIST_KEY_UILaunchStoryboardName = LaunchScreen;
				INFOPLIST_KEY_UIMainStoryboardFile = "";
				INFOPLIST_KEY_UISupportedInterfaceOrientations_iPad = "UIInterfaceOrientationPortrait UIInterfaceOrientationPortraitUpsideDown UIInterfaceOrientationLandscapeLeft UIInterfaceOrientationLandscapeRight";
				INFOPLIST_KEY_UISupportedInterfaceOrientations_iPhone = "UIInterfaceOrientationPortrait UIInterfaceOrientationLandscapeLeft UIInterfaceOrientationLandscapeRight";
				LD_RUNPATH_SEARCH_PATHS = (
					"$(inherited)",
					"@executable_path/Frameworks",
				);
				MARKETING_VERSION = 1.0;
				PRODUCT_BUNDLE_IDENTIFIER = "com.a1.chatGPT-app-ViewCode";
				PRODUCT_NAME = "$(TARGET_NAME)";
				SUPPORTED_PLATFORMS = "iphoneos iphonesimulator";
				SUPPORTS_MACCATALYST = NO;
				SUPPORTS_MAC_DESIGNED_FOR_IPHONE_IPAD = NO;
				SWIFT_EMIT_LOC_STRINGS = YES;
				SWIFT_VERSION = 5.0;
				TARGETED_DEVICE_FAMILY = 1;
			};
			name = Debug;
		};
		3831A6C12A2540E80080958F /* Release */ = {
			isa = XCBuildConfiguration;
			buildSettings = {
				ASSETCATALOG_COMPILER_APPICON_NAME = AppIcon;
				ASSETCATALOG_COMPILER_GLOBAL_ACCENT_COLOR_NAME = AccentColor;
				CODE_SIGN_STYLE = Automatic;
				CURRENT_PROJECT_VERSION = 1;
				DEVELOPMENT_TEAM = B4R97N34U3;
				GENERATE_INFOPLIST_FILE = YES;
				INFOPLIST_FILE = "chatGPT-app-ViewCode/Info.plist";
				INFOPLIST_KEY_UIApplicationSupportsIndirectInputEvents = YES;
				INFOPLIST_KEY_UILaunchStoryboardName = LaunchScreen;
				INFOPLIST_KEY_UIMainStoryboardFile = "";
				INFOPLIST_KEY_UISupportedInterfaceOrientations_iPad = "UIInterfaceOrientationPortrait UIInterfaceOrientationPortraitUpsideDown UIInterfaceOrientationLandscapeLeft UIInterfaceOrientationLandscapeRight";
				INFOPLIST_KEY_UISupportedInterfaceOrientations_iPhone = "UIInterfaceOrientationPortrait UIInterfaceOrientationLandscapeLeft UIInterfaceOrientationLandscapeRight";
				LD_RUNPATH_SEARCH_PATHS = (
					"$(inherited)",
					"@executable_path/Frameworks",
				);
				MARKETING_VERSION = 1.0;
				PRODUCT_BUNDLE_IDENTIFIER = "com.a1.chatGPT-app-ViewCode";
				PRODUCT_NAME = "$(TARGET_NAME)";
				SUPPORTED_PLATFORMS = "iphoneos iphonesimulator";
				SUPPORTS_MACCATALYST = NO;
				SUPPORTS_MAC_DESIGNED_FOR_IPHONE_IPAD = NO;
				SWIFT_EMIT_LOC_STRINGS = YES;
				SWIFT_VERSION = 5.0;
				TARGETED_DEVICE_FAMILY = 1;
			};
			name = Release;
		};
/* End XCBuildConfiguration section */

/* Begin XCConfigurationList section */
		3831A6A62A2540E60080958F /* Build configuration list for PBXProject "chatGPT-app-ViewCode" */ = {
			isa = XCConfigurationList;
			buildConfigurations = (
				3831A6BD2A2540E80080958F /* Debug */,
				3831A6BE2A2540E80080958F /* Release */,
			);
			defaultConfigurationIsVisible = 0;
			defaultConfigurationName = Release;
		};
		3831A6BF2A2540E80080958F /* Build configuration list for PBXNativeTarget "chatGPT-app-ViewCode" */ = {
			isa = XCConfigurationList;
			buildConfigurations = (
				3831A6C02A2540E80080958F /* Debug */,
				3831A6C12A2540E80080958F /* Release */,
			);
			defaultConfigurationIsVisible = 0;
			defaultConfigurationName = Release;
		};
/* End XCConfigurationList section */

/* Begin XCRemoteSwiftPackageReference section */
		3831A6C22A25430A0080958F /* XCRemoteSwiftPackageReference "OpenAISwift" */ = {
			isa = XCRemoteSwiftPackageReference;
			repositoryURL = "https://github.com/adamrushy/OpenAISwift.git";
			requirement = {
				branch = main;
				kind = branch;
			};
		};
/* End XCRemoteSwiftPackageReference section */

/* Begin XCSwiftPackageProductDependency section */
		3831A6C32A25430A0080958F /* OpenAISwift */ = {
			isa = XCSwiftPackageProductDependency;
			package = 3831A6C22A25430A0080958F /* XCRemoteSwiftPackageReference "OpenAISwift" */;
			productName = OpenAISwift;
		};
/* End XCSwiftPackageProductDependency section */
	};
	rootObject = 3831A6A32A2540E60080958F /* Project object */;
}
